
Microsoft Visual Studio Solution File, Format Version 12.00
# Visual Studio Version 17
VisualStudioVersion = 17.9.34728.123
MinimumVisualStudioVersion = 10.0.40219.1
Project("{FAE04EC0-301F-11D3-BF4B-00C04F79EFBC}") = "RandomWalkReplayServer", "RandomWalkReplayServer.csproj", "{87427310-57D1-4BD4-9AFC-F1D91BD3BCCA}"
EndProject
Global
	GlobalSection(SolutionConfigurationPlatforms) = preSolution
		Debug|Any CPU = Debug|Any CPU
		Release|Any CPU = Release|Any CPU
	EndGlobalSection
	GlobalSection(ProjectConfigurationPlatforms) = postSolution
		{87427310-57D1-4BD4-9AFC-F1D91BD3BCCA}.Debug|Any CPU.ActiveCfg = Debug|Any CPU
		{87427310-57D1-4BD4-9AFC-F1D91BD3BCCA}.Debug|Any CPU.Build.0 = Debug|Any CPU
		{87427310-57D1-4BD4-9AFC-F1D91BD3BCCA}.Release|Any CPU.ActiveCfg = Release|Any CPU
		{87427310-57D1-4BD4-9AFC-F1D91BD3BCCA}.Release|Any CPU.Build.0 = Release|Any CPU
	EndGlobalSection
	GlobalSection(SolutionProperties) = preSolution
		HideSolutionNode = FALSE
	EndGlobalSection
	GlobalSection(ExtensibilityGlobals) = postSolution
		SolutionGuid = {87A7FE2C-79F9-4F81-87BE-02969BDD70FD}
	EndGlobalSection
EndGlobal
