
Microsoft Visual Studio Solution File, Format Version 12.00
# Visual Studio Version 17
VisualStudioVersion = 17.9.34728.123
MinimumVisualStudioVersion = 10.0.40219.1
Project("{FAE04EC0-301F-11D3-BF4B-00C04F79EFBC}") = "RandomWalkServer", "RandomWalkServer.csproj", "{871864D1-91E8-4AE9-991C-06763C355C17}"
EndProject
Global
	GlobalSection(SolutionConfigurationPlatforms) = preSolution
		Debug|Any CPU = Debug|Any CPU
		Release|Any CPU = Release|Any CPU
	EndGlobalSection
	GlobalSection(ProjectConfigurationPlatforms) = postSolution
		{871864D1-91E8-4AE9-991C-06763C355C17}.Debug|Any CPU.ActiveCfg = Debug|Any CPU
		{871864D1-91E8-4AE9-991C-06763C355C17}.Debug|Any CPU.Build.0 = Debug|Any CPU
		{871864D1-91E8-4AE9-991C-06763C355C17}.Release|Any CPU.ActiveCfg = Release|Any CPU
		{871864D1-91E8-4AE9-991C-06763C355C17}.Release|Any CPU.Build.0 = Release|Any CPU
	EndGlobalSection
	GlobalSection(SolutionProperties) = preSolution
		HideSolutionNode = FALSE
	EndGlobalSection
	GlobalSection(ExtensibilityGlobals) = postSolution
		SolutionGuid = {50ED5EB5-B1C7-418B-A092-FB413AA36C1E}
	EndGlobalSection
EndGlobal
